# THIS IS AN AUTOGENERATED FILE. DO NOT EDIT THIS FILE DIRECTLY.
# yarn lockfile v1


"@citizenfx/client@^2.0.6947-1":
  version "2.0.6947-1"
  resolved "https://registry.npmjs.org/@citizenfx/client/-/client-2.0.6947-1.tgz"
  integrity sha512-Kxix7H+l15WgLg2vg0N+SNB3i7HEGBNhUsbN7mdRoHA45fhOp5lIOYegTFnFqMQrE1i506OlEH+KAxJcwh/GyQ==

"@citizenfx/server@^2.0.6947-1":
  version "2.0.6947-1"
  resolved "https://registry.npmjs.org/@citizenfx/server/-/server-2.0.6947-1.tgz"
  integrity sha512-s/uweR1YgHtvO2ToUjoBKJqWUD2778LZWVBlUylQvsUuu5HZXrkpa+sWxQ8yvRCWns+oNHWNMZpbVXnChlC/FQ==

"@esbuild/win32-x64@0.19.5":
  version "0.19.5"
  resolved "https://registry.npmjs.org/@esbuild/win32-x64/-/win32-x64-0.19.5.tgz"
  integrity sha512-czTrygUsB/jlM8qEW5MD8bgYU2Xg14lo6kBDXW6HdxKjh8M5PzETGiSHaz9MtbXBYDloHNUAUW2tMiKW4KM9Mw==

"@types/node@^20.8.9":
  version "20.8.9"
  resolved "https://registry.npmjs.org/@types/node/-/node-20.8.9.tgz"
  integrity sha512-UzykFsT3FhHb1h7yD4CA4YhBHq545JC0YnEz41xkipN88eKQtL6rSgocL5tbAP6Ola9Izm/Aw4Ora8He4x0BHg==
  dependencies:
    undici-types "~5.26.4"

esbuild@^0.19.5:
  version "0.19.5"
  resolved "https://registry.npmjs.org/esbuild/-/esbuild-0.19.5.tgz"
  integrity sha512-bUxalY7b1g8vNhQKdB24QDmHeY4V4tw/s6Ak5z+jJX9laP5MoQseTOMemAr0gxssjNcH0MCViG8ONI2kksvfFQ==
  optionalDependencies:
    "@esbuild/android-arm" "0.19.5"
    "@esbuild/android-arm64" "0.19.5"
    "@esbuild/android-x64" "0.19.5"
    "@esbuild/darwin-arm64" "0.19.5"
    "@esbuild/darwin-x64" "0.19.5"
    "@esbuild/freebsd-arm64" "0.19.5"
    "@esbuild/freebsd-x64" "0.19.5"
    "@esbuild/linux-arm" "0.19.5"
    "@esbuild/linux-arm64" "0.19.5"
    "@esbuild/linux-ia32" "0.19.5"
    "@esbuild/linux-loong64" "0.19.5"
    "@esbuild/linux-mips64el" "0.19.5"
    "@esbuild/linux-ppc64" "0.19.5"
    "@esbuild/linux-riscv64" "0.19.5"
    "@esbuild/linux-s390x" "0.19.5"
    "@esbuild/linux-x64" "0.19.5"
    "@esbuild/netbsd-x64" "0.19.5"
    "@esbuild/openbsd-x64" "0.19.5"
    "@esbuild/sunos-x64" "0.19.5"
    "@esbuild/win32-arm64" "0.19.5"
    "@esbuild/win32-ia32" "0.19.5"
    "@esbuild/win32-x64" "0.19.5"

typescript@^5.2.2:
  version "5.2.2"
  resolved "https://registry.npmjs.org/typescript/-/typescript-5.2.2.tgz"
  integrity sha512-mI4WrpHsbCIcwT9cF4FZvr80QUeKvsUsUvKDoR+X/7XHQH98xYD8YHZg7ANtz2GtZt/CBq2QJ0thkGJMHfqc1w==

undici-types@~5.26.4:
  version "5.26.5"
  resolved "https://registry.npmjs.org/undici-types/-/undici-types-5.26.5.tgz"
  integrity sha512-JlCMO+ehdEIKqlFxk6IfVoAUVmgz7cU7zD/h9XZ0qzeosSHmUJVOzSQvvYSYWXkFXC+IfLKSIffhv0sVZup6pA==
